
Microsoft Visual Studio Solution File, Format Version 12.00
# Visual Studio Version 16
VisualStudioVersion = 16.0.31205.134
MinimumVisualStudioVersion = 10.0.40219.1
Project("{9A19103F-16F7-4668-BE54-9A1E7A4F7556}") = "Ch2Ex2", "Ch2Ex2\Ch2Ex2.csproj", "{B1CE8320-6A13-41F7-9B37-D666829B20C3}"
EndProject
Global
	GlobalSection(SolutionConfigurationPlatforms) = preSolution
		Debug|Any CPU = Debug|Any CPU
		Release|Any CPU = Release|Any CPU
	EndGlobalSection
	GlobalSection(ProjectConfigurationPlatforms) = postSolution
		{B1CE8320-6A13-41F7-9B37-D666829B20C3}.Debug|Any CPU.ActiveCfg = Debug|Any CPU
		{B1CE8320-6A13-41F7-9B37-D666829B20C3}.Debug|Any CPU.Build.0 = Debug|Any CPU
		{B1CE8320-6A13-41F7-9B37-D666829B20C3}.Release|Any CPU.ActiveCfg = Release|Any CPU
		{B1CE8320-6A13-41F7-9B37-D666829B20C3}.Release|Any CPU.Build.0 = Release|Any CPU
	EndGlobalSection
	GlobalSection(SolutionProperties) = preSolution
		HideSolutionNode = FALSE
	EndGlobalSection
	GlobalSection(ExtensibilityGlobals) = postSolution
		SolutionGuid = {D09594AB-CF1E-4F7D-B0AC-744B7A10A658}
	EndGlobalSection
EndGlobal
